
Microsoft Visual Studio Solution File, Format Version 12.00
# Visual Studio Version 17
VisualStudioVersion = 17.12.35521.163 d17.12
MinimumVisualStudioVersion = 10.0.40219.1
Project("{FAE04EC0-301F-11D3-BF4B-00C04F79EFBC}") = "UtilsUserService", "..\UtilsUserService\UtilsUserService\UtilsUserService.csproj", "{701F17F5-C89B-49B5-A8DA-042A710F57F4}"
EndProject
Project("{FAE04EC0-301F-11D3-BF4B-00C04F79EFBC}") = "UtilsGateway", "..\UtilsGateway\UtilsGateway\UtilsGateway.csproj", "{FD7E239A-9F08-400F-9EB2-C6F0C939FFCB}"
EndProject
Project("{2150E333-8FDC-42A3-9474-1A3956D46DE8}") = "src", "src", "{D77CD762-E66E-4BCA-A9E4-83EC708C74F1}"
EndProject
Project("{2150E333-8FDC-42A3-9474-1A3956D46DE8}") = "Sercvices", "Sercvices", "{EC9D4200-889F-49EA-B404-8218F529E1EB}"
EndProject
Project("{2150E333-8FDC-42A3-9474-1A3956D46DE8}") = "ApiGateway", "ApiGateway", "{493CFA7C-ED4D-435A-AD1B-47AF307CE178}"
EndProject
Global
	GlobalSection(SolutionConfigurationPlatforms) = preSolution
		Debug|Any CPU = Debug|Any CPU
		Release|Any CPU = Release|Any CPU
	EndGlobalSection
	GlobalSection(ProjectConfigurationPlatforms) = postSolution
		{701F17F5-C89B-49B5-A8DA-042A710F57F4}.Debug|Any CPU.ActiveCfg = Debug|Any CPU
		{701F17F5-C89B-49B5-A8DA-042A710F57F4}.Debug|Any CPU.Build.0 = Debug|Any CPU
		{701F17F5-C89B-49B5-A8DA-042A710F57F4}.Release|Any CPU.ActiveCfg = Release|Any CPU
		{701F17F5-C89B-49B5-A8DA-042A710F57F4}.Release|Any CPU.Build.0 = Release|Any CPU
		{FD7E239A-9F08-400F-9EB2-C6F0C939FFCB}.Debug|Any CPU.ActiveCfg = Debug|Any CPU
		{FD7E239A-9F08-400F-9EB2-C6F0C939FFCB}.Debug|Any CPU.Build.0 = Debug|Any CPU
		{FD7E239A-9F08-400F-9EB2-C6F0C939FFCB}.Release|Any CPU.ActiveCfg = Release|Any CPU
		{FD7E239A-9F08-400F-9EB2-C6F0C939FFCB}.Release|Any CPU.Build.0 = Release|Any CPU
	EndGlobalSection
	GlobalSection(SolutionProperties) = preSolution
		HideSolutionNode = FALSE
	EndGlobalSection
	GlobalSection(NestedProjects) = preSolution
		{701F17F5-C89B-49B5-A8DA-042A710F57F4} = {EC9D4200-889F-49EA-B404-8218F529E1EB}
		{FD7E239A-9F08-400F-9EB2-C6F0C939FFCB} = {493CFA7C-ED4D-435A-AD1B-47AF307CE178}
		{EC9D4200-889F-49EA-B404-8218F529E1EB} = {D77CD762-E66E-4BCA-A9E4-83EC708C74F1}
		{493CFA7C-ED4D-435A-AD1B-47AF307CE178} = {D77CD762-E66E-4BCA-A9E4-83EC708C74F1}
	EndGlobalSection
EndGlobal
